// !$*UTF8*$!
{
	archiveVersion = 1;
	classes = {
	};
	objectVersion = 46;
	objects = {

/* Begin PBXBuildFile section */
		CB60FD941CAE5893002B459F /* HTTPDNS.framework in Frameworks */ = {isa = PBXBuildFile; fileRef = CB60FD901CAE5856002B459F /* HTTPDNS.framework */; };
		CBA4E3E01CA8CB5600705DAE /* main.m in Sources */ = {isa = PBXBuildFile; fileRef = CBA4E3DF1CA8CB5600705DAE /* main.m */; };
		CBA4E3E31CA8CB5600705DAE /* AppDelegate.m in Sources */ = {isa = PBXBuildFile; fileRef = CBA4E3E21CA8CB5600705DAE /* AppDelegate.m */; };
		CBA4E3E61CA8CB5600705DAE /* ViewController.m in Sources */ = {isa = PBXBuildFile; fileRef = CBA4E3E51CA8CB5600705DAE /* ViewController.m */; };
		CBA4E3E91CA8CB5600705DAE /* Main.storyboard in Resources */ = {isa = PBXBuildFile; fileRef = CBA4E3E71CA8CB5600705DAE /* Main.storyboard */; };
		CBA4E3EB1CA8CB5600705DAE /* Assets.xcassets in Resources */ = {isa = PBXBuildFile; fileRef = CBA4E3EA1CA8CB5600705DAE /* Assets.xcassets */; };
		CBA4E3EE1CA8CB5600705DAE /* LaunchScreen.storyboard in Resources */ = {isa = PBXBuildFile; fileRef = CBA4E3EC1CA8CB5600705DAE /* LaunchScreen.storyboard */; };
/* End PBXBuildFile section */

/* Begin PBXContainerItemProxy section */
		CB60FD8F1CAE5856002B459F /* PBXContainerItemProxy */ = {
			isa = PBXContainerItemProxy;
			containerPortal = CB60FD8B1CAE5856002B459F /* HTTPDNS.xcodeproj */;
			proxyType = 2;
			remoteGlobalIDString = CB45C1ED1CA809D30018439A;
			remoteInfo = HTTPDNS;
		};
		CB60FD911CAE585C002B459F /* PBXContainerItemProxy */ = {
			isa = PBXContainerItemProxy;
			containerPortal = CB60FD8B1CAE5856002B459F /* HTTPDNS.xcodeproj */;
			proxyType = 1;
			remoteGlobalIDString = CB45C1EC1CA809D30018439A;
			remoteInfo = HTTPDNS;
		};
/* End PBXContainerItemProxy section */

/* Begin PBXFileReference section */
		CB60FD8B1CAE5856002B459F /* HTTPDNS.xcodeproj */ = {isa = PBXFileReference; lastKnownFileType = "wrapper.pb-project"; path = HTTPDNS.xcodeproj; sourceTree = "<group>"; };
		CBA4E3DB1CA8CB5600705DAE /* HTTPDNS-OC-Demo.app */ = {isa = PBXFileReference; explicitFileType = wrapper.application; includeInIndex = 0; path = "HTTPDNS-OC-Demo.app"; sourceTree = BUILT_PRODUCTS_DIR; };
		CBA4E3DF1CA8CB5600705DAE /* main.m */ = {isa = PBXFileReference; lastKnownFileType = sourcecode.c.objc; path = main.m; sourceTree = "<group>"; };
		CBA4E3E11CA8CB5600705DAE /* AppDelegate.h */ = {isa = PBXFileReference; lastKnownFileType = sourcecode.c.h; path = AppDelegate.h; sourceTree = "<group>"; };
		CBA4E3E21CA8CB5600705DAE /* AppDelegate.m */ = {isa = PBXFileReference; lastKnownFileType = sourcecode.c.objc; path = AppDelegate.m; sourceTree = "<group>"; };
		CBA4E3E41CA8CB5600705DAE /* ViewController.h */ = {isa = PBXFileReference; lastKnownFileType = sourcecode.c.h; path = ViewController.h; sourceTree = "<group>"; };
		CBA4E3E51CA8CB5600705DAE /* ViewController.m */ = {isa = PBXFileReference; lastKnownFileType = sourcecode.c.objc; path = ViewController.m; sourceTree = "<group>"; };
		CBA4E3E81CA8CB5600705DAE /* Base */ = {isa = PBXFileReference; lastKnownFileType = file.storyboard; name = Base; path = Base.lproj/Main.storyboard; sourceTree = "<group>"; };
		CBA4E3EA1CA8CB5600705DAE /* Assets.xcassets */ = {isa = PBXFileReference; lastKnownFileType = folder.assetcatalog; path = Assets.xcassets; sourceTree = "<group>"; };
		CBA4E3ED1CA8CB5600705DAE /* Base */ = {isa = PBXFileReference; lastKnownFileType = file.storyboard; name = Base; path = Base.lproj/LaunchScreen.storyboard; sourceTree = "<group>"; };
		CBA4E3EF1CA8CB5600705DAE /* Info.plist */ = {isa = PBXFileReference; lastKnownFileType = text.plist.xml; path = Info.plist; sourceTree = "<group>"; };
/* End PBXFileReference section */

/* Begin PBXFrameworksBuildPhase section */
		CBA4E3D81CA8CB5600705DAE /* Frameworks */ = {
			isa = PBXFrameworksBuildPhase;
			buildActionMask = 2147483647;
			files = (
				CB60FD941CAE5893002B459F /* HTTPDNS.framework in Frameworks */,
			);
			runOnlyForDeploymentPostprocessing = 0;
		};
/* End PBXFrameworksBuildPhase section */

/* Begin PBXGroup section */
		CB60FD8C1CAE5856002B459F /* Products */ = {
			isa = PBXGroup;
			children = (
				CB60FD901CAE5856002B459F /* HTTPDNS.framework */,
			);
			name = Products;
			sourceTree = "<group>";
		};
		CBA4E3D21CA8CB5600705DAE = {
			isa = PBXGroup;
			children = (
				CB60FD8B1CAE5856002B459F /* HTTPDNS.xcodeproj */,
				CBA4E3DD1CA8CB5600705DAE /* HTTPDNS-OC-Demo */,
				CBA4E3DC1CA8CB5600705DAE /* Products */,
			);
			sourceTree = "<group>";
		};
		CBA4E3DC1CA8CB5600705DAE /* Products */ = {
			isa = PBXGroup;
			children = (
				CBA4E3DB1CA8CB5600705DAE /* HTTPDNS-OC-Demo.app */,
			);
			name = Products;
			sourceTree = "<group>";
		};
		CBA4E3DD1CA8CB5600705DAE /* HTTPDNS-OC-Demo */ = {
			isa = PBXGroup;
			children = (
				CBA4E3E11CA8CB5600705DAE /* AppDelegate.h */,
				CBA4E3E21CA8CB5600705DAE /* AppDelegate.m */,
				CBA4E3E41CA8CB5600705DAE /* ViewController.h */,
				CBA4E3E51CA8CB5600705DAE /* ViewController.m */,
				CBA4E3E71CA8CB5600705DAE /* Main.storyboard */,
				CBA4E3EA1CA8CB5600705DAE /* Assets.xcassets */,
				CBA4E3EC1CA8CB5600705DAE /* LaunchScreen.storyboard */,
				CBA4E3EF1CA8CB5600705DAE /* Info.plist */,
				CBA4E3DE1CA8CB5600705DAE /* Supporting Files */,
			);
			path = "HTTPDNS-OC-Demo";
			sourceTree = "<group>";
		};
		CBA4E3DE1CA8CB5600705DAE /* Supporting Files */ = {
			isa = PBXGroup;
			children = (
				CBA4E3DF1CA8CB5600705DAE /* main.m */,
			);
			name = "Supporting Files";
			sourceTree = "<group>";
		};
/* End PBXGroup section */

/* Begin PBXNativeTarget section */
		CBA4E3DA1CA8CB5600705DAE /* HTTPDNS-OC-Demo */ = {
			isa = PBXNativeTarget;
			buildConfigurationList = CBA4E3F21CA8CB5600705DAE /* Build configuration list for PBXNativeTarget "HTTPDNS-OC-Demo" */;
			buildPhases = (
				CBA4E3D71CA8CB5600705DAE /* Sources */,
				CBA4E3D81CA8CB5600705DAE /* Frameworks */,
				CBA4E3D91CA8CB5600705DAE /* Resources */,
			);
			buildRules = (
			);
			dependencies = (
				CB60FD921CAE585C002B459F /* PBXTargetDependency */,
			);
			name = "HTTPDNS-OC-Demo";
			productName = "HTTPDNS-OC-Demo";
			productReference = CBA4E3DB1CA8CB5600705DAE /* HTTPDNS-OC-Demo.app */;
			productType = "com.apple.product-type.application";
		};
/* End PBXNativeTarget section */

/* Begin PBXProject section */
		CBA4E3D31CA8CB5600705DAE /* Project object */ = {
			isa = PBXProject;
			attributes = {
				LastUpgradeCheck = 0730;
				ORGANIZATIONNAME = Yourtion;
				TargetAttributes = {
					CBA4E3DA1CA8CB5600705DAE = {
						CreatedOnToolsVersion = 7.3;
					};
				};
			};
			buildConfigurationList = CBA4E3D61CA8CB5600705DAE /* Build configuration list for PBXProject "HTTPDNS-OC-Demo" */;
			compatibilityVersion = "Xcode 3.2";
			developmentRegion = English;
			hasScannedForEncodings = 0;
			knownRegions = (
				en,
				Base,
			);
			mainGroup = CBA4E3D21CA8CB5600705DAE;
			productRefGroup = CBA4E3DC1CA8CB5600705DAE /* Products */;
			projectDirPath = "";
			projectReferences = (
				{
					ProductGroup = CB60FD8C1CAE5856002B459F /* Products */;
					ProjectRef = CB60FD8B1CAE5856002B459F /* HTTPDNS.xcodeproj */;
				},
			);
			projectRoot = "";
			targets = (
				CBA4E3DA1CA8CB5600705DAE /* HTTPDNS-OC-Demo */,
			);
		};
/* End PBXProject section */

/* Begin PBXReferenceProxy section */
		CB60FD901CAE5856002B459F /* HTTPDNS.framework */ = {
			isa = PBXReferenceProxy;
			fileType = wrapper.framework;
			path = HTTPDNS.framework;
			remoteRef = CB60FD8F1CAE5856002B459F /* PBXContainerItemProxy */;
			sourceTree = BUILT_PRODUCTS_DIR;
		};
/* End PBXReferenceProxy section */

/* Begin PBXResourcesBuildPhase section */
		CBA4E3D91CA8CB5600705DAE /* Resources */ = {
			isa = PBXResourcesBuildPhase;
			buildActionMask = 2147483647;
			files = (
				CBA4E3EE1CA8CB5600705DAE /* LaunchScreen.storyboard in Resources */,
				CBA4E3EB1CA8CB5600705DAE /* Assets.xcassets in Resources */,
				CBA4E3E91CA8CB5600705DAE /* Main.storyboard in Resources */,
			);
			runOnlyForDeploymentPostprocessing = 0;
		};
/* End PBXResourcesBuildPhase section */

/* Begin PBXSourcesBuildPhase section */
		CBA4E3D71CA8CB5600705DAE /* Sources */ = {
			isa = PBXSourcesBuildPhase;
			buildActionMask = 2147483647;
			files = (
				CBA4E3E61CA8CB5600705DAE /* ViewController.m in Sources */,
				CBA4E3E31CA8CB5600705DAE /* AppDelegate.m in Sources */,
				CBA4E3E01CA8CB5600705DAE /* main.m in Sources */,
			);
			runOnlyForDeploymentPostprocessing = 0;
		};
/* End PBXSourcesBuildPhase section */

/* Begin PBXTargetDependency section */
		CB60FD921CAE585C002B459F /* PBXTargetDependency */ = {
			isa = PBXTargetDependency;
			name = HTTPDNS;
			targetProxy = CB60FD911CAE585C002B459F /* PBXContainerItemProxy */;
		};
/* End PBXTargetDependency section */

/* Begin PBXVariantGroup section */
		CBA4E3E71CA8CB5600705DAE /* Main.storyboard */ = {
			isa = PBXVariantGroup;
			children = (
				CBA4E3E81CA8CB5600705DAE /* Base */,
			);
			name = Main.storyboard;
			sourceTree = "<group>";
		};
		CBA4E3EC1CA8CB5600705DAE /* LaunchScreen.storyboard */ = {
			isa = PBXVariantGroup;
			children = (
				CBA4E3ED1CA8CB5600705DAE /* Base */,
			);
			name = LaunchScreen.storyboard;
			sourceTree = "<group>";
		};
/* End PBXVariantGroup section */

/* Begin XCBuildConfiguration section */
		CBA4E3F01CA8CB5600705DAE /* Debug */ = {
			isa = XCBuildConfiguration;
			buildSettings = {
				ALWAYS_SEARCH_USER_PATHS = NO;
				CLANG_ANALYZER_NONNULL = YES;
				CLANG_CXX_LANGUAGE_STANDARD = "gnu++0x";
				CLANG_CXX_LIBRARY = "libc++";
				CLANG_ENABLE_MODULES = YES;
				CLANG_ENABLE_OBJC_ARC = YES;
				CLANG_WARN_BOOL_CONVERSION = YES;
				CLANG_WARN_CONSTANT_CONVERSION = YES;
				CLANG_WARN_DIRECT_OBJC_ISA_USAGE = YES_ERROR;
				CLANG_WARN_EMPTY_BODY = YES;
				CLANG_WARN_ENUM_CONVERSION = YES;
				CLANG_WARN_INT_CONVERSION = YES;
				CLANG_WARN_OBJC_ROOT_CLASS = YES_ERROR;
				CLANG_WARN_UNREACHABLE_CODE = YES;
				CLANG_WARN__DUPLICATE_METHOD_MATCH = YES;
				"CODE_SIGN_IDENTITY[sdk=iphoneos*]" = "iPhone Developer";
				COPY_PHASE_STRIP = NO;
				DEBUG_INFORMATION_FORMAT = dwarf;
				ENABLE_STRICT_OBJC_MSGSEND = YES;
				ENABLE_TESTABILITY = YES;
				GCC_C_LANGUAGE_STANDARD = gnu99;
				GCC_DYNAMIC_NO_PIC = NO;
				GCC_NO_COMMON_BLOCKS = YES;
				GCC_OPTIMIZATION_LEVEL = 0;
				GCC_PREPROCESSOR_DEFINITIONS = (
					"DEBUG=1",
					"$(inherited)",
				);
				GCC_WARN_64_TO_32_BIT_CONVERSION = YES;
				GCC_WARN_ABOUT_RETURN_TYPE = YES_ERROR;
				GCC_WARN_UNDECLARED_SELECTOR = YES;
				GCC_WARN_UNINITIALIZED_AUTOS = YES_AGGRESSIVE;
				GCC_WARN_UNUSED_FUNCTION = YES;
				GCC_WARN_UNUSED_VARIABLE = YES;
				IPHONEOS_DEPLOYMENT_TARGET = 9.3;
				MTL_ENABLE_DEBUG_INFO = YES;
				ONLY_ACTIVE_ARCH = YES;
				SDKROOT = iphoneos;
			};
			name = Debug;
		};
		CBA4E3F11CA8CB5600705DAE /* Release */ = {
			isa = XCBuildConfiguration;
			buildSettings = {
				ALWAYS_SEARCH_USER_PATHS = NO;
				CLANG_ANALYZER_NONNULL = YES;
				CLANG_CXX_LANGUAGE_STANDARD = "gnu++0x";
				CLANG_CXX_LIBRARY = "libc++";
				CLANG_ENABLE_MODULES = YES;
				CLANG_ENABLE_OBJC_ARC = YES;
				CLANG_WARN_BOOL_CONVERSION = YES;
				CLANG_WARN_CONSTANT_CONVERSION = YES;
				CLANG_WARN_DIRECT_OBJC_ISA_USAGE = YES_ERROR;
				CLANG_WARN_EMPTY_BODY = YES;
				CLANG_WARN_ENUM_CONVERSION = YES;
				CLANG_WARN_INT_CONVERSION = YES;
				CLANG_WARN_OBJC_ROOT_CLASS = YES_ERROR;
				CLANG_WARN_UNREACHABLE_CODE = YES;
				CLANG_WARN__DUPLICATE_METHOD_MATCH = YES;
				"CODE_SIGN_IDENTITY[sdk=iphoneos*]" = "iPhone Developer";
				COPY_PHASE_STRIP = NO;
				DEBUG_INFORMATION_FORMAT = "dwarf-with-dsym";
				ENABLE_NS_ASSERTIONS = NO;
				ENABLE_STRICT_OBJC_MSGSEND = YES;
				GCC_C_LANGUAGE_STANDARD = gnu99;
				GCC_NO_COMMON_BLOCKS = YES;
				GCC_WARN_64_TO_32_BIT_CONVERSION = YES;
				GCC_WARN_ABOUT_RETURN_TYPE = YES_ERROR;
				GCC_WARN_UNDECLARED_SELECTOR = YES;
				GCC_WARN_UNINITIALIZED_AUTOS = YES_AGGRESSIVE;
				GCC_WARN_UNUSED_FUNCTION = YES;
				GCC_WARN_UNUSED_VARIABLE = YES;
				IPHONEOS_DEPLOYMENT_TARGET = 9.3;
				MTL_ENABLE_DEBUG_INFO = NO;
				SDKROOT = iphoneos;
				VALIDATE_PRODUCT = YES;
			};
			name = Release;
		};
		CBA4E3F31CA8CB5600705DAE /* Debug */ = {
			isa = XCBuildConfiguration;
			buildSettings = {
				ASSETCATALOG_COMPILER_APPICON_NAME = AppIcon;
				INFOPLIST_FILE = "HTTPDNS-OC-Demo/Info.plist";
				LD_RUNPATH_SEARCH_PATHS = "$(inherited) @executable_path/Frameworks";
				PRODUCT_BUNDLE_IDENTIFIER = "com.yourtion.HTTPDNS-OC-Demo";
				PRODUCT_NAME = "$(TARGET_NAME)";
			};
			name = Debug;
		};
		CBA4E3F41CA8CB5600705DAE /* Release */ = {
			isa = XCBuildConfiguration;
			buildSettings = {
				ASSETCATALOG_COMPILER_APPICON_NAME = AppIcon;
				INFOPLIST_FILE = "HTTPDNS-OC-Demo/Info.plist";
				LD_RUNPATH_SEARCH_PATHS = "$(inherited) @executable_path/Frameworks";
				PRODUCT_BUNDLE_IDENTIFIER = "com.yourtion.HTTPDNS-OC-Demo";
				PRODUCT_NAME = "$(TARGET_NAME)";
			};
			name = Release;
		};
/* End XCBuildConfiguration section */

/* Begin XCConfigurationList section */
		CBA4E3D61CA8CB5600705DAE /* Build configuration list for PBXProject "HTTPDNS-OC-Demo" */ = {
			isa = XCConfigurationList;
			buildConfigurations = (
				CBA4E3F01CA8CB5600705DAE /* Debug */,
				CBA4E3F11CA8CB5600705DAE /* Release */,
			);
			defaultConfigurationIsVisible = 0;
			defaultConfigurationName = Release;
		};
		CBA4E3F21CA8CB5600705DAE /* Build configuration list for PBXNativeTarget "HTTPDNS-OC-Demo" */ = {
			isa = XCConfigurationList;
			buildConfigurations = (
				CBA4E3F31CA8CB5600705DAE /* Debug */,
				CBA4E3F41CA8CB5600705DAE /* Release */,
			);
			defaultConfigurationIsVisible = 0;
			defaultConfigurationName = Release;
		};
/* End XCConfigurationList section */
	};
	rootObject = CBA4E3D31CA8CB5600705DAE /* Project object */;
}
