// !$*UTF8*$!
{
	archiveVersion = 1;
	classes = {
	};
	objectVersion = 46;
	objects = {

/* Begin PBXBuildFile section */
		CB14D4EA1D095B8E00EB35C9 /* main.m in Sources */ = {isa = PBXBuildFile; fileRef = CB14D4E91D095B8E00EB35C9 /* main.m */; };
		CB14D4ED1D095B8E00EB35C9 /* AppDelegate.m in Sources */ = {isa = PBXBuildFile; fileRef = CB14D4EC1D095B8E00EB35C9 /* AppDelegate.m */; };
		CB14D4F01D095B8E00EB35C9 /* ViewController.m in Sources */ = {isa = PBXBuildFile; fileRef = CB14D4EF1D095B8E00EB35C9 /* ViewController.m */; };
		CB14D4F31D095B8E00EB35C9 /* Main.storyboard in Resources */ = {isa = PBXBuildFile; fileRef = CB14D4F11D095B8E00EB35C9 /* Main.storyboard */; };
		CB14D4F51D095B8E00EB35C9 /* Assets.xcassets in Resources */ = {isa = PBXBuildFile; fileRef = CB14D4F41D095B8E00EB35C9 /* Assets.xcassets */; };
		CB14D4F81D095B8E00EB35C9 /* LaunchScreen.storyboard in Resources */ = {isa = PBXBuildFile; fileRef = CB14D4F61D095B8E00EB35C9 /* LaunchScreen.storyboard */; };
		CB14D5271D095C8C00EB35C9 /* HTTPDNS.framework in Frameworks */ = {isa = PBXBuildFile; fileRef = CB14D5251D095C8500EB35C9 /* HTTPDNS.framework */; };
		CB14D5281D095C8C00EB35C9 /* HTTPDNS.framework in Embed Frameworks */ = {isa = PBXBuildFile; fileRef = CB14D5251D095C8500EB35C9 /* HTTPDNS.framework */; settings = {ATTRIBUTES = (CodeSignOnCopy, RemoveHeadersOnCopy, ); }; };
/* End PBXBuildFile section */

/* Begin PBXCopyFilesBuildPhase section */
		CB14D5291D095C8C00EB35C9 /* Embed Frameworks */ = {
			isa = PBXCopyFilesBuildPhase;
			buildActionMask = 2147483647;
			dstPath = "";
			dstSubfolderSpec = 10;
			files = (
				CB14D5281D095C8C00EB35C9 /* HTTPDNS.framework in Embed Frameworks */,
			);
			name = "Embed Frameworks";
			runOnlyForDeploymentPostprocessing = 0;
		};
/* End PBXCopyFilesBuildPhase section */

/* Begin PBXFileReference section */
		CB14D4E51D095B8E00EB35C9 /* HTTPDNS-iOS-Demo.app */ = {isa = PBXFileReference; explicitFileType = wrapper.application; includeInIndex = 0; path = "HTTPDNS-iOS-Demo.app"; sourceTree = BUILT_PRODUCTS_DIR; };
		CB14D4E91D095B8E00EB35C9 /* main.m */ = {isa = PBXFileReference; lastKnownFileType = sourcecode.c.objc; path = main.m; sourceTree = "<group>"; };
		CB14D4EB1D095B8E00EB35C9 /* AppDelegate.h */ = {isa = PBXFileReference; lastKnownFileType = sourcecode.c.h; path = AppDelegate.h; sourceTree = "<group>"; };
		CB14D4EC1D095B8E00EB35C9 /* AppDelegate.m */ = {isa = PBXFileReference; lastKnownFileType = sourcecode.c.objc; path = AppDelegate.m; sourceTree = "<group>"; };
		CB14D4EE1D095B8E00EB35C9 /* ViewController.h */ = {isa = PBXFileReference; lastKnownFileType = sourcecode.c.h; path = ViewController.h; sourceTree = "<group>"; };
		CB14D4EF1D095B8E00EB35C9 /* ViewController.m */ = {isa = PBXFileReference; lastKnownFileType = sourcecode.c.objc; path = ViewController.m; sourceTree = "<group>"; };
		CB14D4F21D095B8E00EB35C9 /* Base */ = {isa = PBXFileReference; lastKnownFileType = file.storyboard; name = Base; path = Base.lproj/Main.storyboard; sourceTree = "<group>"; };
		CB14D4F41D095B8E00EB35C9 /* Assets.xcassets */ = {isa = PBXFileReference; lastKnownFileType = folder.assetcatalog; path = Assets.xcassets; sourceTree = "<group>"; };
		CB14D4F71D095B8E00EB35C9 /* Base */ = {isa = PBXFileReference; lastKnownFileType = file.storyboard; name = Base; path = Base.lproj/LaunchScreen.storyboard; sourceTree = "<group>"; };
		CB14D4F91D095B8E00EB35C9 /* Info.plist */ = {isa = PBXFileReference; lastKnownFileType = text.plist.xml; path = Info.plist; sourceTree = "<group>"; };
		CB14D5251D095C8500EB35C9 /* HTTPDNS.framework */ = {isa = PBXFileReference; lastKnownFileType = wrapper.framework; name = HTTPDNS.framework; path = "../../../../Library/Developer/Xcode/DerivedData/HTTPDNS-gbomfzesgwkjzbbzoxbedfbxcndz/Build/Products/Debug-iphoneos/HTTPDNS.framework"; sourceTree = "<group>"; };
/* End PBXFileReference section */

/* Begin PBXFrameworksBuildPhase section */
		CB14D4E21D095B8E00EB35C9 /* Frameworks */ = {
			isa = PBXFrameworksBuildPhase;
			buildActionMask = 2147483647;
			files = (
				CB14D5271D095C8C00EB35C9 /* HTTPDNS.framework in Frameworks */,
			);
			runOnlyForDeploymentPostprocessing = 0;
		};
/* End PBXFrameworksBuildPhase section */

/* Begin PBXGroup section */
		CB14D4DC1D095B8E00EB35C9 = {
			isa = PBXGroup;
			children = (
				CB14D5251D095C8500EB35C9 /* HTTPDNS.framework */,
				CB14D4E71D095B8E00EB35C9 /* HTTPDNS-iOS-Demo */,
				CB14D4E61D095B8E00EB35C9 /* Products */,
			);
			sourceTree = "<group>";
		};
		CB14D4E61D095B8E00EB35C9 /* Products */ = {
			isa = PBXGroup;
			children = (
				CB14D4E51D095B8E00EB35C9 /* HTTPDNS-iOS-Demo.app */,
			);
			name = Products;
			sourceTree = "<group>";
		};
		CB14D4E71D095B8E00EB35C9 /* HTTPDNS-iOS-Demo */ = {
			isa = PBXGroup;
			children = (
				CB14D4EB1D095B8E00EB35C9 /* AppDelegate.h */,
				CB14D4EC1D095B8E00EB35C9 /* AppDelegate.m */,
				CB14D4EE1D095B8E00EB35C9 /* ViewController.h */,
				CB14D4EF1D095B8E00EB35C9 /* ViewController.m */,
				CB14D4F11D095B8E00EB35C9 /* Main.storyboard */,
				CB14D4F41D095B8E00EB35C9 /* Assets.xcassets */,
				CB14D4F61D095B8E00EB35C9 /* LaunchScreen.storyboard */,
				CB14D4F91D095B8E00EB35C9 /* Info.plist */,
				CB14D4E81D095B8E00EB35C9 /* Supporting Files */,
			);
			path = "HTTPDNS-iOS-Demo";
			sourceTree = "<group>";
		};
		CB14D4E81D095B8E00EB35C9 /* Supporting Files */ = {
			isa = PBXGroup;
			children = (
				CB14D4E91D095B8E00EB35C9 /* main.m */,
			);
			name = "Supporting Files";
			sourceTree = "<group>";
		};
/* End PBXGroup section */

/* Begin PBXNativeTarget section */
		CB14D4E41D095B8E00EB35C9 /* HTTPDNS-iOS-Demo */ = {
			isa = PBXNativeTarget;
			buildConfigurationList = CB14D4FC1D095B8E00EB35C9 /* Build configuration list for PBXNativeTarget "HTTPDNS-iOS-Demo" */;
			buildPhases = (
				CB14D4E11D095B8E00EB35C9 /* Sources */,
				CB14D4E21D095B8E00EB35C9 /* Frameworks */,
				CB14D4E31D095B8E00EB35C9 /* Resources */,
				CB14D5291D095C8C00EB35C9 /* Embed Frameworks */,
			);
			buildRules = (
			);
			dependencies = (
			);
			name = "HTTPDNS-iOS-Demo";
			productName = "HTTPDNS-iOS-Demo";
			productReference = CB14D4E51D095B8E00EB35C9 /* HTTPDNS-iOS-Demo.app */;
			productType = "com.apple.product-type.application";
		};
/* End PBXNativeTarget section */

/* Begin PBXProject section */
		CB14D4DD1D095B8E00EB35C9 /* Project object */ = {
			isa = PBXProject;
			attributes = {
				LastUpgradeCheck = 0730;
				ORGANIZATIONNAME = Yourtion;
				TargetAttributes = {
					CB14D4E41D095B8E00EB35C9 = {
						CreatedOnToolsVersion = 7.3.1;
					};
				};
			};
			buildConfigurationList = CB14D4E01D095B8E00EB35C9 /* Build configuration list for PBXProject "HTTPDNS-iOS-Demo" */;
			compatibilityVersion = "Xcode 3.2";
			developmentRegion = English;
			hasScannedForEncodings = 0;
			knownRegions = (
				en,
				Base,
			);
			mainGroup = CB14D4DC1D095B8E00EB35C9;
			productRefGroup = CB14D4E61D095B8E00EB35C9 /* Products */;
			projectDirPath = "";
			projectRoot = "";
			targets = (
				CB14D4E41D095B8E00EB35C9 /* HTTPDNS-iOS-Demo */,
			);
		};
/* End PBXProject section */

/* Begin PBXResourcesBuildPhase section */
		CB14D4E31D095B8E00EB35C9 /* Resources */ = {
			isa = PBXResourcesBuildPhase;
			buildActionMask = 2147483647;
			files = (
				CB14D4F81D095B8E00EB35C9 /* LaunchScreen.storyboard in Resources */,
				CB14D4F51D095B8E00EB35C9 /* Assets.xcassets in Resources */,
				CB14D4F31D095B8E00EB35C9 /* Main.storyboard in Resources */,
			);
			runOnlyForDeploymentPostprocessing = 0;
		};
/* End PBXResourcesBuildPhase section */

/* Begin PBXSourcesBuildPhase section */
		CB14D4E11D095B8E00EB35C9 /* Sources */ = {
			isa = PBXSourcesBuildPhase;
			buildActionMask = 2147483647;
			files = (
				CB14D4F01D095B8E00EB35C9 /* ViewController.m in Sources */,
				CB14D4ED1D095B8E00EB35C9 /* AppDelegate.m in Sources */,
				CB14D4EA1D095B8E00EB35C9 /* main.m in Sources */,
			);
			runOnlyForDeploymentPostprocessing = 0;
		};
/* End PBXSourcesBuildPhase section */

/* Begin PBXVariantGroup section */
		CB14D4F11D095B8E00EB35C9 /* Main.storyboard */ = {
			isa = PBXVariantGroup;
			children = (
				CB14D4F21D095B8E00EB35C9 /* Base */,
			);
			name = Main.storyboard;
			sourceTree = "<group>";
		};
		CB14D4F61D095B8E00EB35C9 /* LaunchScreen.storyboard */ = {
			isa = PBXVariantGroup;
			children = (
				CB14D4F71D095B8E00EB35C9 /* Base */,
			);
			name = LaunchScreen.storyboard;
			sourceTree = "<group>";
		};
/* End PBXVariantGroup section */

/* Begin XCBuildConfiguration section */
		CB14D4FA1D095B8E00EB35C9 /* Debug */ = {
			isa = XCBuildConfiguration;
			buildSettings = {
				ALWAYS_SEARCH_USER_PATHS = NO;
				CLANG_ANALYZER_NONNULL = YES;
				CLANG_CXX_LANGUAGE_STANDARD = "gnu++0x";
				CLANG_CXX_LIBRARY = "libc++";
				CLANG_ENABLE_MODULES = YES;
				CLANG_ENABLE_OBJC_ARC = YES;
				CLANG_WARN_BOOL_CONVERSION = YES;
				CLANG_WARN_CONSTANT_CONVERSION = YES;
				CLANG_WARN_DIRECT_OBJC_ISA_USAGE = YES_ERROR;
				CLANG_WARN_EMPTY_BODY = YES;
				CLANG_WARN_ENUM_CONVERSION = YES;
				CLANG_WARN_INT_CONVERSION = YES;
				CLANG_WARN_OBJC_ROOT_CLASS = YES_ERROR;
				CLANG_WARN_UNREACHABLE_CODE = YES;
				CLANG_WARN__DUPLICATE_METHOD_MATCH = YES;
				"CODE_SIGN_IDENTITY[sdk=iphoneos*]" = "iPhone Developer";
				COPY_PHASE_STRIP = NO;
				DEBUG_INFORMATION_FORMAT = dwarf;
				ENABLE_STRICT_OBJC_MSGSEND = YES;
				ENABLE_TESTABILITY = YES;
				GCC_C_LANGUAGE_STANDARD = gnu99;
				GCC_DYNAMIC_NO_PIC = NO;
				GCC_NO_COMMON_BLOCKS = YES;
				GCC_OPTIMIZATION_LEVEL = 0;
				GCC_PREPROCESSOR_DEFINITIONS = (
					"DEBUG=1",
					"$(inherited)",
				);
				GCC_WARN_64_TO_32_BIT_CONVERSION = YES;
				GCC_WARN_ABOUT_RETURN_TYPE = YES_ERROR;
				GCC_WARN_UNDECLARED_SELECTOR = YES;
				GCC_WARN_UNINITIALIZED_AUTOS = YES_AGGRESSIVE;
				GCC_WARN_UNUSED_FUNCTION = YES;
				GCC_WARN_UNUSED_VARIABLE = YES;
				IPHONEOS_DEPLOYMENT_TARGET = 9.3;
				MTL_ENABLE_DEBUG_INFO = YES;
				ONLY_ACTIVE_ARCH = YES;
				SDKROOT = iphoneos;
			};
			name = Debug;
		};
		CB14D4FB1D095B8E00EB35C9 /* Release */ = {
			isa = XCBuildConfiguration;
			buildSettings = {
				ALWAYS_SEARCH_USER_PATHS = NO;
				CLANG_ANALYZER_NONNULL = YES;
				CLANG_CXX_LANGUAGE_STANDARD = "gnu++0x";
				CLANG_CXX_LIBRARY = "libc++";
				CLANG_ENABLE_MODULES = YES;
				CLANG_ENABLE_OBJC_ARC = YES;
				CLANG_WARN_BOOL_CONVERSION = YES;
				CLANG_WARN_CONSTANT_CONVERSION = YES;
				CLANG_WARN_DIRECT_OBJC_ISA_USAGE = YES_ERROR;
				CLANG_WARN_EMPTY_BODY = YES;
				CLANG_WARN_ENUM_CONVERSION = YES;
				CLANG_WARN_INT_CONVERSION = YES;
				CLANG_WARN_OBJC_ROOT_CLASS = YES_ERROR;
				CLANG_WARN_UNREACHABLE_CODE = YES;
				CLANG_WARN__DUPLICATE_METHOD_MATCH = YES;
				"CODE_SIGN_IDENTITY[sdk=iphoneos*]" = "iPhone Developer";
				COPY_PHASE_STRIP = NO;
				DEBUG_INFORMATION_FORMAT = "dwarf-with-dsym";
				ENABLE_NS_ASSERTIONS = NO;
				ENABLE_STRICT_OBJC_MSGSEND = YES;
				GCC_C_LANGUAGE_STANDARD = gnu99;
				GCC_NO_COMMON_BLOCKS = YES;
				GCC_WARN_64_TO_32_BIT_CONVERSION = YES;
				GCC_WARN_ABOUT_RETURN_TYPE = YES_ERROR;
				GCC_WARN_UNDECLARED_SELECTOR = YES;
				GCC_WARN_UNINITIALIZED_AUTOS = YES_AGGRESSIVE;
				GCC_WARN_UNUSED_FUNCTION = YES;
				GCC_WARN_UNUSED_VARIABLE = YES;
				IPHONEOS_DEPLOYMENT_TARGET = 9.3;
				MTL_ENABLE_DEBUG_INFO = NO;
				SDKROOT = iphoneos;
				VALIDATE_PRODUCT = YES;
			};
			name = Release;
		};
		CB14D4FD1D095B8E00EB35C9 /* Debug */ = {
			isa = XCBuildConfiguration;
			buildSettings = {
				ASSETCATALOG_COMPILER_APPICON_NAME = AppIcon;
				INFOPLIST_FILE = "HTTPDNS-iOS-Demo/Info.plist";
				LD_RUNPATH_SEARCH_PATHS = "$(inherited) @executable_path/Frameworks";
				PRODUCT_BUNDLE_IDENTIFIER = "com.yourtion.HTTPDNS-iOS-Demo";
				PRODUCT_NAME = "$(TARGET_NAME)";
			};
			name = Debug;
		};
		CB14D4FE1D095B8E00EB35C9 /* Release */ = {
			isa = XCBuildConfiguration;
			buildSettings = {
				ASSETCATALOG_COMPILER_APPICON_NAME = AppIcon;
				INFOPLIST_FILE = "HTTPDNS-iOS-Demo/Info.plist";
				LD_RUNPATH_SEARCH_PATHS = "$(inherited) @executable_path/Frameworks";
				PRODUCT_BUNDLE_IDENTIFIER = "com.yourtion.HTTPDNS-iOS-Demo";
				PRODUCT_NAME = "$(TARGET_NAME)";
			};
			name = Release;
		};
/* End XCBuildConfiguration section */

/* Begin XCConfigurationList section */
		CB14D4E01D095B8E00EB35C9 /* Build configuration list for PBXProject "HTTPDNS-iOS-Demo" */ = {
			isa = XCConfigurationList;
			buildConfigurations = (
				CB14D4FA1D095B8E00EB35C9 /* Debug */,
				CB14D4FB1D095B8E00EB35C9 /* Release */,
			);
			defaultConfigurationIsVisible = 0;
			defaultConfigurationName = Release;
		};
		CB14D4FC1D095B8E00EB35C9 /* Build configuration list for PBXNativeTarget "HTTPDNS-iOS-Demo" */ = {
			isa = XCConfigurationList;
			buildConfigurations = (
				CB14D4FD1D095B8E00EB35C9 /* Debug */,
				CB14D4FE1D095B8E00EB35C9 /* Release */,
			);
			defaultConfigurationIsVisible = 0;
			defaultConfigurationName = Release;
		};
/* End XCConfigurationList section */
	};
	rootObject = CB14D4DD1D095B8E00EB35C9 /* Project object */;
}
